
Microsoft Visual Studio Solution File, Format Version 12.00
# Visual Studio Version 17
VisualStudioVersion = 17.7.34009.444
MinimumVisualStudioVersion = 10.0.40219.1
Project("{9A19103F-16F7-4668-BE54-9A1E7A4F7556}") = "ViewLocatorTest", "ViewLocatorTest\ViewLocatorTest.csproj", "{F49D9692-0A0E-48A2-9F5F-B3CC412E038E}"
EndProject
Project("{9A19103F-16F7-4668-BE54-9A1E7A4F7556}") = "ViewLocatorTest.Android", "ViewLocatorTest.Android\ViewLocatorTest.Android.csproj", "{2F4846FF-C5DA-4A57-AFE6-072008303E93}"
EndProject
Project("{9A19103F-16F7-4668-BE54-9A1E7A4F7556}") = "ViewLocatorTest.Desktop", "ViewLocatorTest.Desktop\ViewLocatorTest.Desktop.csproj", "{11CF5FD5-E082-4C05-BC5A-280A83026E3D}"
EndProject
Global
	GlobalSection(SolutionConfigurationPlatforms) = preSolution
		Debug|Any CPU = Debug|Any CPU
		Release|Any CPU = Release|Any CPU
	EndGlobalSection
	GlobalSection(ProjectConfigurationPlatforms) = postSolution
		{F49D9692-0A0E-48A2-9F5F-B3CC412E038E}.Debug|Any CPU.ActiveCfg = Debug|Any CPU
		{F49D9692-0A0E-48A2-9F5F-B3CC412E038E}.Debug|Any CPU.Build.0 = Debug|Any CPU
		{F49D9692-0A0E-48A2-9F5F-B3CC412E038E}.Release|Any CPU.ActiveCfg = Release|Any CPU
		{F49D9692-0A0E-48A2-9F5F-B3CC412E038E}.Release|Any CPU.Build.0 = Release|Any CPU
		{2F4846FF-C5DA-4A57-AFE6-072008303E93}.Debug|Any CPU.ActiveCfg = Debug|Any CPU
		{2F4846FF-C5DA-4A57-AFE6-072008303E93}.Debug|Any CPU.Build.0 = Debug|Any CPU
		{2F4846FF-C5DA-4A57-AFE6-072008303E93}.Debug|Any CPU.Deploy.0 = Debug|Any CPU
		{2F4846FF-C5DA-4A57-AFE6-072008303E93}.Release|Any CPU.ActiveCfg = Release|Any CPU
		{2F4846FF-C5DA-4A57-AFE6-072008303E93}.Release|Any CPU.Build.0 = Release|Any CPU
		{2F4846FF-C5DA-4A57-AFE6-072008303E93}.Release|Any CPU.Deploy.0 = Release|Any CPU
		{11CF5FD5-E082-4C05-BC5A-280A83026E3D}.Debug|Any CPU.ActiveCfg = Debug|Any CPU
		{11CF5FD5-E082-4C05-BC5A-280A83026E3D}.Debug|Any CPU.Build.0 = Debug|Any CPU
		{11CF5FD5-E082-4C05-BC5A-280A83026E3D}.Release|Any CPU.ActiveCfg = Release|Any CPU
		{11CF5FD5-E082-4C05-BC5A-280A83026E3D}.Release|Any CPU.Build.0 = Release|Any CPU
	EndGlobalSection
	GlobalSection(SolutionProperties) = preSolution
		HideSolutionNode = FALSE
	EndGlobalSection
	GlobalSection(ExtensibilityGlobals) = postSolution
		SolutionGuid = {9B9584BE-BD5D-431D-A976-B4E29AAE029D}
	EndGlobalSection
EndGlobal
